// !$*UTF8*$!
{
	archiveVersion = 1;
	classes = {
	};
	objectVersion = 51;
	objects = {

/* Begin PBXBuildFile section */
		47BF3842ADF8D03A9C45513C /* Pods_TourConnect.framework in Frameworks */ = {isa = PBXBuildFile; fileRef = 6CE3B28DC88C2AC7A3EAFBE0 /* Pods_TourConnect.framework */; };
		BCE1131A247C106900BA6C1B /* AppDelegate.swift in Sources */ = {isa = PBXBuildFile; fileRef = BCE11319247C106900BA6C1B /* AppDelegate.swift */; };
		BCE11323247C106B00BA6C1B /* Assets.xcassets in Resources */ = {isa = PBXBuildFile; fileRef = BCE11322247C106B00BA6C1B /* Assets.xcassets */; };
		BCE11326247C106B00BA6C1B /* LaunchScreen.storyboard in Resources */ = {isa = PBXBuildFile; fileRef = BCE11324247C106B00BA6C1B /* LaunchScreen.storyboard */; };
		BCE11331247C106C00BA6C1B /* TourConnectTests.swift in Sources */ = {isa = PBXBuildFile; fileRef = BCE11330247C106C00BA6C1B /* TourConnectTests.swift */; };
		BCE1133C247C106C00BA6C1B /* TourConnectUITests.swift in Sources */ = {isa = PBXBuildFile; fileRef = BCE1133B247C106C00BA6C1B /* TourConnectUITests.swift */; };
		BCE1134D247C144F00BA6C1B /* TabBarController.swift in Sources */ = {isa = PBXBuildFile; fileRef = BCE1134B247C144F00BA6C1B /* TabBarController.swift */; };
		BCE11353247C160800BA6C1B /* BaseViewController.swift in Sources */ = {isa = PBXBuildFile; fileRef = BCE11352247C160800BA6C1B /* BaseViewController.swift */; };
		BCE11357247C1E6000BA6C1B /* TCCustomTabBar.swift in Sources */ = {isa = PBXBuildFile; fileRef = BCE11356247C1E6000BA6C1B /* TCCustomTabBar.swift */; };
		BCE1135E247C1EBB00BA6C1B /* HomeViewController.swift in Sources */ = {isa = PBXBuildFile; fileRef = BCE1135C247C1EBB00BA6C1B /* HomeViewController.swift */; };
		BCE1135F247C1EBB00BA6C1B /* HomeViewController.xib in Resources */ = {isa = PBXBuildFile; fileRef = BCE1135D247C1EBB00BA6C1B /* HomeViewController.xib */; };
		BCE11362247C1ECF00BA6C1B /* ActivityViewController.swift in Sources */ = {isa = PBXBuildFile; fileRef = BCE11360247C1ECF00BA6C1B /* ActivityViewController.swift */; };
		BCE11363247C1ECF00BA6C1B /* ActivityViewController.xib in Resources */ = {isa = PBXBuildFile; fileRef = BCE11361247C1ECF00BA6C1B /* ActivityViewController.xib */; };
		BCE11366247C1EE800BA6C1B /* NotificationViewController.swift in Sources */ = {isa = PBXBuildFile; fileRef = BCE11364247C1EE800BA6C1B /* NotificationViewController.swift */; };
		BCE11367247C1EE800BA6C1B /* NotificationViewController.xib in Resources */ = {isa = PBXBuildFile; fileRef = BCE11365247C1EE800BA6C1B /* NotificationViewController.xib */; };
		BCE1136A247C1EF600BA6C1B /* AccountViewController.swift in Sources */ = {isa = PBXBuildFile; fileRef = BCE11368247C1EF600BA6C1B /* AccountViewController.swift */; };
		BCE1136B247C1EF600BA6C1B /* AccountViewController.xib in Resources */ = {isa = PBXBuildFile; fileRef = BCE11369247C1EF600BA6C1B /* AccountViewController.xib */; };
		BCE1136E247C1F2B00BA6C1B /* UIViewController+.swift in Sources */ = {isa = PBXBuildFile; fileRef = BCE1136D247C1F2B00BA6C1B /* UIViewController+.swift */; };
		BCE11370247C1F5100BA6C1B /* UIView+.swift in Sources */ = {isa = PBXBuildFile; fileRef = BCE1136F247C1F5100BA6C1B /* UIView+.swift */; };
		BCE11372247C1F7100BA6C1B /* UIImage+.swift in Sources */ = {isa = PBXBuildFile; fileRef = BCE11371247C1F7100BA6C1B /* UIImage+.swift */; };
		BCE11374247C1F8000BA6C1B /* UIColor+.swift in Sources */ = {isa = PBXBuildFile; fileRef = BCE11373247C1F8000BA6C1B /* UIColor+.swift */; };
		BCE11376247C1FA500BA6C1B /* UIStackView+.swift in Sources */ = {isa = PBXBuildFile; fileRef = BCE11375247C1FA500BA6C1B /* UIStackView+.swift */; };
		BCE11378247C1FBA00BA6C1B /* UITableView+.swift in Sources */ = {isa = PBXBuildFile; fileRef = BCE11377247C1FBA00BA6C1B /* UITableView+.swift */; };
		BCE1137A247C1FD700BA6C1B /* NSObject+.swift in Sources */ = {isa = PBXBuildFile; fileRef = BCE11379247C1FD700BA6C1B /* NSObject+.swift */; };
/* End PBXBuildFile section */

/* Begin PBXContainerItemProxy section */
		BCE1132D247C106C00BA6C1B /* PBXContainerItemProxy */ = {
			isa = PBXContainerItemProxy;
			containerPortal = BCE1130E247C106900BA6C1B /* Project object */;
			proxyType = 1;
			remoteGlobalIDString = BCE11315247C106900BA6C1B;
			remoteInfo = TourConnect;
		};
		BCE11338247C106C00BA6C1B /* PBXContainerItemProxy */ = {
			isa = PBXContainerItemProxy;
			containerPortal = BCE1130E247C106900BA6C1B /* Project object */;
			proxyType = 1;
			remoteGlobalIDString = BCE11315247C106900BA6C1B;
			remoteInfo = TourConnect;
		};
/* End PBXContainerItemProxy section */

/* Begin PBXFileReference section */
		4EA5A96808FBE9B02E51C2C6 /* Pods-TourConnect.debug.xcconfig */ = {isa = PBXFileReference; includeInIndex = 1; lastKnownFileType = text.xcconfig; name = "Pods-TourConnect.debug.xcconfig"; path = "Target Support Files/Pods-TourConnect/Pods-TourConnect.debug.xcconfig"; sourceTree = "<group>"; };
		6CE3B28DC88C2AC7A3EAFBE0 /* Pods_TourConnect.framework */ = {isa = PBXFileReference; explicitFileType = wrapper.framework; includeInIndex = 0; path = Pods_TourConnect.framework; sourceTree = BUILT_PRODUCTS_DIR; };
		BCE11316247C106900BA6C1B /* TourConnect.app */ = {isa = PBXFileReference; explicitFileType = wrapper.application; includeInIndex = 0; path = TourConnect.app; sourceTree = BUILT_PRODUCTS_DIR; };
		BCE11319247C106900BA6C1B /* AppDelegate.swift */ = {isa = PBXFileReference; lastKnownFileType = sourcecode.swift; path = AppDelegate.swift; sourceTree = "<group>"; };
		BCE11322247C106B00BA6C1B /* Assets.xcassets */ = {isa = PBXFileReference; lastKnownFileType = folder.assetcatalog; path = Assets.xcassets; sourceTree = "<group>"; };
		BCE11325247C106B00BA6C1B /* Base */ = {isa = PBXFileReference; lastKnownFileType = file.storyboard; name = Base; path = Base.lproj/LaunchScreen.storyboard; sourceTree = "<group>"; };
		BCE11327247C106B00BA6C1B /* Info.plist */ = {isa = PBXFileReference; lastKnownFileType = text.plist.xml; path = Info.plist; sourceTree = "<group>"; };
		BCE1132C247C106C00BA6C1B /* TourConnectTests.xctest */ = {isa = PBXFileReference; explicitFileType = wrapper.cfbundle; includeInIndex = 0; path = TourConnectTests.xctest; sourceTree = BUILT_PRODUCTS_DIR; };
		BCE11330247C106C00BA6C1B /* TourConnectTests.swift */ = {isa = PBXFileReference; lastKnownFileType = sourcecode.swift; path = TourConnectTests.swift; sourceTree = "<group>"; };
		BCE11332247C106C00BA6C1B /* Info.plist */ = {isa = PBXFileReference; lastKnownFileType = text.plist.xml; path = Info.plist; sourceTree = "<group>"; };
		BCE11337247C106C00BA6C1B /* TourConnectUITests.xctest */ = {isa = PBXFileReference; explicitFileType = wrapper.cfbundle; includeInIndex = 0; path = TourConnectUITests.xctest; sourceTree = BUILT_PRODUCTS_DIR; };
		BCE1133B247C106C00BA6C1B /* TourConnectUITests.swift */ = {isa = PBXFileReference; lastKnownFileType = sourcecode.swift; path = TourConnectUITests.swift; sourceTree = "<group>"; };
		BCE1133D247C106C00BA6C1B /* Info.plist */ = {isa = PBXFileReference; lastKnownFileType = text.plist.xml; path = Info.plist; sourceTree = "<group>"; };
		BCE1134B247C144F00BA6C1B /* TabBarController.swift */ = {isa = PBXFileReference; lastKnownFileType = sourcecode.swift; path = TabBarController.swift; sourceTree = "<group>"; };
		BCE11352247C160800BA6C1B /* BaseViewController.swift */ = {isa = PBXFileReference; lastKnownFileType = sourcecode.swift; path = BaseViewController.swift; sourceTree = "<group>"; };
		BCE11356247C1E6000BA6C1B /* TCCustomTabBar.swift */ = {isa = PBXFileReference; lastKnownFileType = sourcecode.swift; path = TCCustomTabBar.swift; sourceTree = "<group>"; };
		BCE1135C247C1EBB00BA6C1B /* HomeViewController.swift */ = {isa = PBXFileReference; lastKnownFileType = sourcecode.swift; path = HomeViewController.swift; sourceTree = "<group>"; };
		BCE1135D247C1EBB00BA6C1B /* HomeViewController.xib */ = {isa = PBXFileReference; lastKnownFileType = file.xib; path = HomeViewController.xib; sourceTree = "<group>"; };
		BCE11360247C1ECF00BA6C1B /* ActivityViewController.swift */ = {isa = PBXFileReference; lastKnownFileType = sourcecode.swift; path = ActivityViewController.swift; sourceTree = "<group>"; };
		BCE11361247C1ECF00BA6C1B /* ActivityViewController.xib */ = {isa = PBXFileReference; lastKnownFileType = file.xib; path = ActivityViewController.xib; sourceTree = "<group>"; };
		BCE11364247C1EE800BA6C1B /* NotificationViewController.swift */ = {isa = PBXFileReference; lastKnownFileType = sourcecode.swift; path = NotificationViewController.swift; sourceTree = "<group>"; };
		BCE11365247C1EE800BA6C1B /* NotificationViewController.xib */ = {isa = PBXFileReference; lastKnownFileType = file.xib; path = NotificationViewController.xib; sourceTree = "<group>"; };
		BCE11368247C1EF600BA6C1B /* AccountViewController.swift */ = {isa = PBXFileReference; lastKnownFileType = sourcecode.swift; path = AccountViewController.swift; sourceTree = "<group>"; };
		BCE11369247C1EF600BA6C1B /* AccountViewController.xib */ = {isa = PBXFileReference; lastKnownFileType = file.xib; path = AccountViewController.xib; sourceTree = "<group>"; };
		BCE1136D247C1F2B00BA6C1B /* UIViewController+.swift */ = {isa = PBXFileReference; lastKnownFileType = sourcecode.swift; path = "UIViewController+.swift"; sourceTree = "<group>"; };
		BCE1136F247C1F5100BA6C1B /* UIView+.swift */ = {isa = PBXFileReference; lastKnownFileType = sourcecode.swift; path = "UIView+.swift"; sourceTree = "<group>"; };
		BCE11371247C1F7100BA6C1B /* UIImage+.swift */ = {isa = PBXFileReference; lastKnownFileType = sourcecode.swift; path = "UIImage+.swift"; sourceTree = "<group>"; };
		BCE11373247C1F8000BA6C1B /* UIColor+.swift */ = {isa = PBXFileReference; lastKnownFileType = sourcecode.swift; path = "UIColor+.swift"; sourceTree = "<group>"; };
		BCE11375247C1FA500BA6C1B /* UIStackView+.swift */ = {isa = PBXFileReference; lastKnownFileType = sourcecode.swift; path = "UIStackView+.swift"; sourceTree = "<group>"; };
		BCE11377247C1FBA00BA6C1B /* UITableView+.swift */ = {isa = PBXFileReference; lastKnownFileType = sourcecode.swift; path = "UITableView+.swift"; sourceTree = "<group>"; };
		BCE11379247C1FD700BA6C1B /* NSObject+.swift */ = {isa = PBXFileReference; lastKnownFileType = sourcecode.swift; path = "NSObject+.swift"; sourceTree = "<group>"; };
		FC047E5EF0443075E6F0B971 /* Pods-TourConnect.release.xcconfig */ = {isa = PBXFileReference; includeInIndex = 1; lastKnownFileType = text.xcconfig; name = "Pods-TourConnect.release.xcconfig"; path = "Target Support Files/Pods-TourConnect/Pods-TourConnect.release.xcconfig"; sourceTree = "<group>"; };
/* End PBXFileReference section */

/* Begin PBXFrameworksBuildPhase section */
		BCE11313247C106900BA6C1B /* Frameworks */ = {
			isa = PBXFrameworksBuildPhase;
			buildActionMask = 2147483647;
			files = (
				47BF3842ADF8D03A9C45513C /* Pods_TourConnect.framework in Frameworks */,
			);
			runOnlyForDeploymentPostprocessing = 0;
		};
		BCE11329247C106C00BA6C1B /* Frameworks */ = {
			isa = PBXFrameworksBuildPhase;
			buildActionMask = 2147483647;
			files = (
			);
			runOnlyForDeploymentPostprocessing = 0;
		};
		BCE11334247C106C00BA6C1B /* Frameworks */ = {
			isa = PBXFrameworksBuildPhase;
			buildActionMask = 2147483647;
			files = (
			);
			runOnlyForDeploymentPostprocessing = 0;
		};
/* End PBXFrameworksBuildPhase section */

/* Begin PBXGroup section */
		24AC366FC23ECBE8378D279B /* Pods */ = {
			isa = PBXGroup;
			children = (
				4EA5A96808FBE9B02E51C2C6 /* Pods-TourConnect.debug.xcconfig */,
				FC047E5EF0443075E6F0B971 /* Pods-TourConnect.release.xcconfig */,
			);
			path = Pods;
			sourceTree = "<group>";
		};
		8D3A416A91E3937C221B1E2A /* Frameworks */ = {
			isa = PBXGroup;
			children = (
				6CE3B28DC88C2AC7A3EAFBE0 /* Pods_TourConnect.framework */,
			);
			name = Frameworks;
			sourceTree = "<group>";
		};
		BCE1130D247C106900BA6C1B = {
			isa = PBXGroup;
			children = (
				BCE11318247C106900BA6C1B /* TourConnect */,
				BCE1132F247C106C00BA6C1B /* TourConnectTests */,
				BCE1133A247C106C00BA6C1B /* TourConnectUITests */,
				BCE11317247C106900BA6C1B /* Products */,
				24AC366FC23ECBE8378D279B /* Pods */,
				8D3A416A91E3937C221B1E2A /* Frameworks */,
			);
			sourceTree = "<group>";
		};
		BCE11317247C106900BA6C1B /* Products */ = {
			isa = PBXGroup;
			children = (
				BCE11316247C106900BA6C1B /* TourConnect.app */,
				BCE1132C247C106C00BA6C1B /* TourConnectTests.xctest */,
				BCE11337247C106C00BA6C1B /* TourConnectUITests.xctest */,
			);
			name = Products;
			sourceTree = "<group>";
		};
		BCE11318247C106900BA6C1B /* TourConnect */ = {
			isa = PBXGroup;
			children = (
				BCE11319247C106900BA6C1B /* AppDelegate.swift */,
				BCE1136C247C1F1000BA6C1B /* Extensions */,
				BCE11349247C13E700BA6C1B /* Models */,
				BCE1134A247C13F100BA6C1B /* Screens */,
				BCE11351247C15B900BA6C1B /* CustomView */,
				BCE11322247C106B00BA6C1B /* Assets.xcassets */,
				BCE11324247C106B00BA6C1B /* LaunchScreen.storyboard */,
				BCE11327247C106B00BA6C1B /* Info.plist */,
			);
			path = TourConnect;
			sourceTree = "<group>";
		};
		BCE1132F247C106C00BA6C1B /* TourConnectTests */ = {
			isa = PBXGroup;
			children = (
				BCE11330247C106C00BA6C1B /* TourConnectTests.swift */,
				BCE11332247C106C00BA6C1B /* Info.plist */,
			);
			path = TourConnectTests;
			sourceTree = "<group>";
		};
		BCE1133A247C106C00BA6C1B /* TourConnectUITests */ = {
			isa = PBXGroup;
			children = (
				BCE1133B247C106C00BA6C1B /* TourConnectUITests.swift */,
				BCE1133D247C106C00BA6C1B /* Info.plist */,
			);
			path = TourConnectUITests;
			sourceTree = "<group>";
		};
		BCE11349247C13E700BA6C1B /* Models */ = {
			isa = PBXGroup;
			children = (
			);
			path = Models;
			sourceTree = "<group>";
		};
		BCE1134A247C13F100BA6C1B /* Screens */ = {
			isa = PBXGroup;
			children = (
				BCE1135B247C1E9600BA6C1B /* Account */,
				BCE1135A247C1E8C00BA6C1B /* Notification */,
				BCE11359247C1E8500BA6C1B /* Activity */,
				BCE11358247C1E7F00BA6C1B /* Home */,
				BCE11354247C1E3400BA6C1B /* TabBarController */,
				BCE11350247C15A900BA6C1B /* Base */,
			);
			path = Screens;
			sourceTree = "<group>";
		};
		BCE11350247C15A900BA6C1B /* Base */ = {
			isa = PBXGroup;
			children = (
				BCE11352247C160800BA6C1B /* BaseViewController.swift */,
			);
			path = Base;
			sourceTree = "<group>";
		};
		BCE11351247C15B900BA6C1B /* CustomView */ = {
			isa = PBXGroup;
			children = (
			);
			path = CustomView;
			sourceTree = "<group>";
		};
		BCE11354247C1E3400BA6C1B /* TabBarController */ = {
			isa = PBXGroup;
			children = (
				BCE11355247C1E3D00BA6C1B /* Views */,
				BCE1134B247C144F00BA6C1B /* TabBarController.swift */,
			);
			path = TabBarController;
			sourceTree = "<group>";
		};
		BCE11355247C1E3D00BA6C1B /* Views */ = {
			isa = PBXGroup;
			children = (
				BCE11356247C1E6000BA6C1B /* TCCustomTabBar.swift */,
			);
			path = Views;
			sourceTree = "<group>";
		};
		BCE11358247C1E7F00BA6C1B /* Home */ = {
			isa = PBXGroup;
			children = (
				BCE1135C247C1EBB00BA6C1B /* HomeViewController.swift */,
				BCE1135D247C1EBB00BA6C1B /* HomeViewController.xib */,
			);
			path = Home;
			sourceTree = "<group>";
		};
		BCE11359247C1E8500BA6C1B /* Activity */ = {
			isa = PBXGroup;
			children = (
				BCE11360247C1ECF00BA6C1B /* ActivityViewController.swift */,
				BCE11361247C1ECF00BA6C1B /* ActivityViewController.xib */,
			);
			path = Activity;
			sourceTree = "<group>";
		};
		BCE1135A247C1E8C00BA6C1B /* Notification */ = {
			isa = PBXGroup;
			children = (
				BCE11364247C1EE800BA6C1B /* NotificationViewController.swift */,
				BCE11365247C1EE800BA6C1B /* NotificationViewController.xib */,
			);
			path = Notification;
			sourceTree = "<group>";
		};
		BCE1135B247C1E9600BA6C1B /* Account */ = {
			isa = PBXGroup;
			children = (
				BCE11368247C1EF600BA6C1B /* AccountViewController.swift */,
				BCE11369247C1EF600BA6C1B /* AccountViewController.xib */,
			);
			path = Account;
			sourceTree = "<group>";
		};
		BCE1136C247C1F1000BA6C1B /* Extensions */ = {
			isa = PBXGroup;
			children = (
				BCE1136D247C1F2B00BA6C1B /* UIViewController+.swift */,
				BCE1136F247C1F5100BA6C1B /* UIView+.swift */,
				BCE11371247C1F7100BA6C1B /* UIImage+.swift */,
				BCE11373247C1F8000BA6C1B /* UIColor+.swift */,
				BCE11375247C1FA500BA6C1B /* UIStackView+.swift */,
				BCE11377247C1FBA00BA6C1B /* UITableView+.swift */,
				BCE11379247C1FD700BA6C1B /* NSObject+.swift */,
			);
			path = Extensions;
			sourceTree = "<group>";
		};
/* End PBXGroup section */

/* Begin PBXNativeTarget section */
		BCE11315247C106900BA6C1B /* TourConnect */ = {
			isa = PBXNativeTarget;
			buildConfigurationList = BCE11340247C106C00BA6C1B /* Build configuration list for PBXNativeTarget "TourConnect" */;
			buildPhases = (
				B79740130EEBA8C35970701C /* [CP] Check Pods Manifest.lock */,
				BCE11312247C106900BA6C1B /* Sources */,
				BCE11313247C106900BA6C1B /* Frameworks */,
				BCE11314247C106900BA6C1B /* Resources */,
				6E5793946770A0AA167F49F1 /* [CP] Embed Pods Frameworks */,
			);
			buildRules = (
			);
			dependencies = (
			);
			name = TourConnect;
			productName = TourConnect;
			productReference = BCE11316247C106900BA6C1B /* TourConnect.app */;
			productType = "com.apple.product-type.application";
		};
		BCE1132B247C106C00BA6C1B /* TourConnectTests */ = {
			isa = PBXNativeTarget;
			buildConfigurationList = BCE11343247C106C00BA6C1B /* Build configuration list for PBXNativeTarget "TourConnectTests" */;
			buildPhases = (
				BCE11328247C106C00BA6C1B /* Sources */,
				BCE11329247C106C00BA6C1B /* Frameworks */,
				BCE1132A247C106C00BA6C1B /* Resources */,
			);
			buildRules = (
			);
			dependencies = (
				BCE1132E247C106C00BA6C1B /* PBXTargetDependency */,
			);
			name = TourConnectTests;
			productName = TourConnectTests;
			productReference = BCE1132C247C106C00BA6C1B /* TourConnectTests.xctest */;
			productType = "com.apple.product-type.bundle.unit-test";
		};
		BCE11336247C106C00BA6C1B /* TourConnectUITests */ = {
			isa = PBXNativeTarget;
			buildConfigurationList = BCE11346247C106C00BA6C1B /* Build configuration list for PBXNativeTarget "TourConnectUITests" */;
			buildPhases = (
				BCE11333247C106C00BA6C1B /* Sources */,
				BCE11334247C106C00BA6C1B /* Frameworks */,
				BCE11335247C106C00BA6C1B /* Resources */,
			);
			buildRules = (
			);
			dependencies = (
				BCE11339247C106C00BA6C1B /* PBXTargetDependency */,
			);
			name = TourConnectUITests;
			productName = TourConnectUITests;
			productReference = BCE11337247C106C00BA6C1B /* TourConnectUITests.xctest */;
			productType = "com.apple.product-type.bundle.ui-testing";
		};
/* End PBXNativeTarget section */

/* Begin PBXProject section */
		BCE1130E247C106900BA6C1B /* Project object */ = {
			isa = PBXProject;
			attributes = {
				LastSwiftUpdateCheck = 1150;
				LastUpgradeCheck = 1150;
				ORGANIZATIONNAME = TonyHoang;
				TargetAttributes = {
					BCE11315247C106900BA6C1B = {
						CreatedOnToolsVersion = 11.5;
					};
					BCE1132B247C106C00BA6C1B = {
						CreatedOnToolsVersion = 11.5;
						TestTargetID = BCE11315247C106900BA6C1B;
					};
					BCE11336247C106C00BA6C1B = {
						CreatedOnToolsVersion = 11.5;
						TestTargetID = BCE11315247C106900BA6C1B;
					};
				};
			};
			buildConfigurationList = BCE11311247C106900BA6C1B /* Build configuration list for PBXProject "TourConnect" */;
			compatibilityVersion = "Xcode 9.3";
			developmentRegion = en;
			hasScannedForEncodings = 0;
			knownRegions = (
				en,
				Base,
			);
			mainGroup = BCE1130D247C106900BA6C1B;
			productRefGroup = BCE11317247C106900BA6C1B /* Products */;
			projectDirPath = "";
			projectRoot = "";
			targets = (
				BCE11315247C106900BA6C1B /* TourConnect */,
				BCE1132B247C106C00BA6C1B /* TourConnectTests */,
				BCE11336247C106C00BA6C1B /* TourConnectUITests */,
			);
		};
/* End PBXProject section */

/* Begin PBXResourcesBuildPhase section */
		BCE11314247C106900BA6C1B /* Resources */ = {
			isa = PBXResourcesBuildPhase;
			buildActionMask = 2147483647;
			files = (
				BCE11367247C1EE800BA6C1B /* NotificationViewController.xib in Resources */,
				BCE11326247C106B00BA6C1B /* LaunchScreen.storyboard in Resources */,
				BCE11323247C106B00BA6C1B /* Assets.xcassets in Resources */,
				BCE1135F247C1EBB00BA6C1B /* HomeViewController.xib in Resources */,
				BCE1136B247C1EF600BA6C1B /* AccountViewController.xib in Resources */,
				BCE11363247C1ECF00BA6C1B /* ActivityViewController.xib in Resources */,
			);
			runOnlyForDeploymentPostprocessing = 0;
		};
		BCE1132A247C106C00BA6C1B /* Resources */ = {
			isa = PBXResourcesBuildPhase;
			buildActionMask = 2147483647;
			files = (
			);
			runOnlyForDeploymentPostprocessing = 0;
		};
		BCE11335247C106C00BA6C1B /* Resources */ = {
			isa = PBXResourcesBuildPhase;
			buildActionMask = 2147483647;
			files = (
			);
			runOnlyForDeploymentPostprocessing = 0;
		};
/* End PBXResourcesBuildPhase section */

/* Begin PBXShellScriptBuildPhase section */
		6E5793946770A0AA167F49F1 /* [CP] Embed Pods Frameworks */ = {
			isa = PBXShellScriptBuildPhase;
			buildActionMask = 2147483647;
			files = (
			);
			inputFileListPaths = (
				"${PODS_ROOT}/Target Support Files/Pods-TourConnect/Pods-TourConnect-frameworks-${CONFIGURATION}-input-files.xcfilelist",
			);
			name = "[CP] Embed Pods Frameworks";
			outputFileListPaths = (
				"${PODS_ROOT}/Target Support Files/Pods-TourConnect/Pods-TourConnect-frameworks-${CONFIGURATION}-output-files.xcfilelist",
			);
			runOnlyForDeploymentPostprocessing = 0;
			shellPath = /bin/sh;
			shellScript = "\"${PODS_ROOT}/Target Support Files/Pods-TourConnect/Pods-TourConnect-frameworks.sh\"\n";
			showEnvVarsInLog = 0;
		};
		B79740130EEBA8C35970701C /* [CP] Check Pods Manifest.lock */ = {
			isa = PBXShellScriptBuildPhase;
			buildActionMask = 2147483647;
			files = (
			);
			inputFileListPaths = (
			);
			inputPaths = (
				"${PODS_PODFILE_DIR_PATH}/Podfile.lock",
				"${PODS_ROOT}/Manifest.lock",
			);
			name = "[CP] Check Pods Manifest.lock";
			outputFileListPaths = (
			);
			outputPaths = (
				"$(DERIVED_FILE_DIR)/Pods-TourConnect-checkManifestLockResult.txt",
			);
			runOnlyForDeploymentPostprocessing = 0;
			shellPath = /bin/sh;
			shellScript = "diff \"${PODS_PODFILE_DIR_PATH}/Podfile.lock\" \"${PODS_ROOT}/Manifest.lock\" > /dev/null\nif [ $? != 0 ] ; then\n    # print error to STDERR\n    echo \"error: The sandbox is not in sync with the Podfile.lock. Run 'pod install' or update your CocoaPods installation.\" >&2\n    exit 1\nfi\n# This output is used by Xcode 'outputs' to avoid re-running this script phase.\necho \"SUCCESS\" > \"${SCRIPT_OUTPUT_FILE_0}\"\n";
			showEnvVarsInLog = 0;
		};
/* End PBXShellScriptBuildPhase section */

/* Begin PBXSourcesBuildPhase section */
		BCE11312247C106900BA6C1B /* Sources */ = {
			isa = PBXSourcesBuildPhase;
			buildActionMask = 2147483647;
			files = (
				BCE1134D247C144F00BA6C1B /* TabBarController.swift in Sources */,
				BCE11353247C160800BA6C1B /* BaseViewController.swift in Sources */,
				BCE1136E247C1F2B00BA6C1B /* UIViewController+.swift in Sources */,
				BCE11378247C1FBA00BA6C1B /* UITableView+.swift in Sources */,
				BCE11366247C1EE800BA6C1B /* NotificationViewController.swift in Sources */,
				BCE1131A247C106900BA6C1B /* AppDelegate.swift in Sources */,
				BCE11362247C1ECF00BA6C1B /* ActivityViewController.swift in Sources */,
				BCE11376247C1FA500BA6C1B /* UIStackView+.swift in Sources */,
				BCE11357247C1E6000BA6C1B /* TCCustomTabBar.swift in Sources */,
				BCE11370247C1F5100BA6C1B /* UIView+.swift in Sources */,
				BCE11372247C1F7100BA6C1B /* UIImage+.swift in Sources */,
				BCE11374247C1F8000BA6C1B /* UIColor+.swift in Sources */,
				BCE1137A247C1FD700BA6C1B /* NSObject+.swift in Sources */,
				BCE1135E247C1EBB00BA6C1B /* HomeViewController.swift in Sources */,
				BCE1136A247C1EF600BA6C1B /* AccountViewController.swift in Sources */,
			);
			runOnlyForDeploymentPostprocessing = 0;
		};
		BCE11328247C106C00BA6C1B /* Sources */ = {
			isa = PBXSourcesBuildPhase;
			buildActionMask = 2147483647;
			files = (
				BCE11331247C106C00BA6C1B /* TourConnectTests.swift in Sources */,
			);
			runOnlyForDeploymentPostprocessing = 0;
		};
		BCE11333247C106C00BA6C1B /* Sources */ = {
			isa = PBXSourcesBuildPhase;
			buildActionMask = 2147483647;
			files = (
				BCE1133C247C106C00BA6C1B /* TourConnectUITests.swift in Sources */,
			);
			runOnlyForDeploymentPostprocessing = 0;
		};
/* End PBXSourcesBuildPhase section */

/* Begin PBXTargetDependency section */
		BCE1132E247C106C00BA6C1B /* PBXTargetDependency */ = {
			isa = PBXTargetDependency;
			target = BCE11315247C106900BA6C1B /* TourConnect */;
			targetProxy = BCE1132D247C106C00BA6C1B /* PBXContainerItemProxy */;
		};
		BCE11339247C106C00BA6C1B /* PBXTargetDependency */ = {
			isa = PBXTargetDependency;
			target = BCE11315247C106900BA6C1B /* TourConnect */;
			targetProxy = BCE11338247C106C00BA6C1B /* PBXContainerItemProxy */;
		};
/* End PBXTargetDependency section */

/* Begin PBXVariantGroup section */
		BCE11324247C106B00BA6C1B /* LaunchScreen.storyboard */ = {
			isa = PBXVariantGroup;
			children = (
				BCE11325247C106B00BA6C1B /* Base */,
			);
			name = LaunchScreen.storyboard;
			sourceTree = "<group>";
		};
/* End PBXVariantGroup section */

/* Begin XCBuildConfiguration section */
		BCE1133E247C106C00BA6C1B /* Debug */ = {
			isa = XCBuildConfiguration;
			buildSettings = {
				ALWAYS_SEARCH_USER_PATHS = NO;
				CLANG_ANALYZER_NONNULL = YES;
				CLANG_ANALYZER_NUMBER_OBJECT_CONVERSION = YES_AGGRESSIVE;
				CLANG_CXX_LANGUAGE_STANDARD = "gnu++14";
				CLANG_CXX_LIBRARY = "libc++";
				CLANG_ENABLE_MODULES = YES;
				CLANG_ENABLE_OBJC_ARC = YES;
				CLANG_ENABLE_OBJC_WEAK = YES;
				CLANG_WARN_BLOCK_CAPTURE_AUTORELEASING = YES;
				CLANG_WARN_BOOL_CONVERSION = YES;
				CLANG_WARN_COMMA = YES;
				CLANG_WARN_CONSTANT_CONVERSION = YES;
				CLANG_WARN_DEPRECATED_OBJC_IMPLEMENTATIONS = YES;
				CLANG_WARN_DIRECT_OBJC_ISA_USAGE = YES_ERROR;
				CLANG_WARN_DOCUMENTATION_COMMENTS = YES;
				CLANG_WARN_EMPTY_BODY = YES;
				CLANG_WARN_ENUM_CONVERSION = YES;
				CLANG_WARN_INFINITE_RECURSION = YES;
				CLANG_WARN_INT_CONVERSION = YES;
				CLANG_WARN_NON_LITERAL_NULL_CONVERSION = YES;
				CLANG_WARN_OBJC_IMPLICIT_RETAIN_SELF = YES;
				CLANG_WARN_OBJC_LITERAL_CONVERSION = YES;
				CLANG_WARN_OBJC_ROOT_CLASS = YES_ERROR;
				CLANG_WARN_RANGE_LOOP_ANALYSIS = YES;
				CLANG_WARN_STRICT_PROTOTYPES = YES;
				CLANG_WARN_SUSPICIOUS_MOVE = YES;
				CLANG_WARN_UNGUARDED_AVAILABILITY = YES_AGGRESSIVE;
				CLANG_WARN_UNREACHABLE_CODE = YES;
				CLANG_WARN__DUPLICATE_METHOD_MATCH = YES;
				COPY_PHASE_STRIP = NO;
				DEBUG_INFORMATION_FORMAT = dwarf;
				ENABLE_STRICT_OBJC_MSGSEND = YES;
				ENABLE_TESTABILITY = YES;
				GCC_C_LANGUAGE_STANDARD = gnu11;
				GCC_DYNAMIC_NO_PIC = NO;
				GCC_NO_COMMON_BLOCKS = YES;
				GCC_OPTIMIZATION_LEVEL = 0;
				GCC_PREPROCESSOR_DEFINITIONS = (
					"DEBUG=1",
					"$(inherited)",
				);
				GCC_WARN_64_TO_32_BIT_CONVERSION = YES;
				GCC_WARN_ABOUT_RETURN_TYPE = YES_ERROR;
				GCC_WARN_UNDECLARED_SELECTOR = YES;
				GCC_WARN_UNINITIALIZED_AUTOS = YES_AGGRESSIVE;
				GCC_WARN_UNUSED_FUNCTION = YES;
				GCC_WARN_UNUSED_VARIABLE = YES;
				IPHONEOS_DEPLOYMENT_TARGET = 13.5;
				MTL_ENABLE_DEBUG_INFO = INCLUDE_SOURCE;
				MTL_FAST_MATH = YES;
				ONLY_ACTIVE_ARCH = YES;
				SDKROOT = iphoneos;
				SWIFT_ACTIVE_COMPILATION_CONDITIONS = DEBUG;
				SWIFT_OPTIMIZATION_LEVEL = "-Onone";
			};
			name = Debug;
		};
		BCE1133F247C106C00BA6C1B /* Release */ = {
			isa = XCBuildConfiguration;
			buildSettings = {
				ALWAYS_SEARCH_USER_PATHS = NO;
				CLANG_ANALYZER_NONNULL = YES;
				CLANG_ANALYZER_NUMBER_OBJECT_CONVERSION = YES_AGGRESSIVE;
				CLANG_CXX_LANGUAGE_STANDARD = "gnu++14";
				CLANG_CXX_LIBRARY = "libc++";
				CLANG_ENABLE_MODULES = YES;
				CLANG_ENABLE_OBJC_ARC = YES;
				CLANG_ENABLE_OBJC_WEAK = YES;
				CLANG_WARN_BLOCK_CAPTURE_AUTORELEASING = YES;
				CLANG_WARN_BOOL_CONVERSION = YES;
				CLANG_WARN_COMMA = YES;
				CLANG_WARN_CONSTANT_CONVERSION = YES;
				CLANG_WARN_DEPRECATED_OBJC_IMPLEMENTATIONS = YES;
				CLANG_WARN_DIRECT_OBJC_ISA_USAGE = YES_ERROR;
				CLANG_WARN_DOCUMENTATION_COMMENTS = YES;
				CLANG_WARN_EMPTY_BODY = YES;
				CLANG_WARN_ENUM_CONVERSION = YES;
				CLANG_WARN_INFINITE_RECURSION = YES;
				CLANG_WARN_INT_CONVERSION = YES;
				CLANG_WARN_NON_LITERAL_NULL_CONVERSION = YES;
				CLANG_WARN_OBJC_IMPLICIT_RETAIN_SELF = YES;
				CLANG_WARN_OBJC_LITERAL_CONVERSION = YES;
				CLANG_WARN_OBJC_ROOT_CLASS = YES_ERROR;
				CLANG_WARN_RANGE_LOOP_ANALYSIS = YES;
				CLANG_WARN_STRICT_PROTOTYPES = YES;
				CLANG_WARN_SUSPICIOUS_MOVE = YES;
				CLANG_WARN_UNGUARDED_AVAILABILITY = YES_AGGRESSIVE;
				CLANG_WARN_UNREACHABLE_CODE = YES;
				CLANG_WARN__DUPLICATE_METHOD_MATCH = YES;
				COPY_PHASE_STRIP = NO;
				DEBUG_INFORMATION_FORMAT = "dwarf-with-dsym";
				ENABLE_NS_ASSERTIONS = NO;
				ENABLE_STRICT_OBJC_MSGSEND = YES;
				GCC_C_LANGUAGE_STANDARD = gnu11;
				GCC_NO_COMMON_BLOCKS = YES;
				GCC_WARN_64_TO_32_BIT_CONVERSION = YES;
				GCC_WARN_ABOUT_RETURN_TYPE = YES_ERROR;
				GCC_WARN_UNDECLARED_SELECTOR = YES;
				GCC_WARN_UNINITIALIZED_AUTOS = YES_AGGRESSIVE;
				GCC_WARN_UNUSED_FUNCTION = YES;
				GCC_WARN_UNUSED_VARIABLE = YES;
				IPHONEOS_DEPLOYMENT_TARGET = 13.5;
				MTL_ENABLE_DEBUG_INFO = NO;
				MTL_FAST_MATH = YES;
				SDKROOT = iphoneos;
				SWIFT_COMPILATION_MODE = wholemodule;
				SWIFT_OPTIMIZATION_LEVEL = "-O";
				VALIDATE_PRODUCT = YES;
			};
			name = Release;
		};
		BCE11341247C106C00BA6C1B /* Debug */ = {
			isa = XCBuildConfiguration;
			baseConfigurationReference = 4EA5A96808FBE9B02E51C2C6 /* Pods-TourConnect.debug.xcconfig */;
			buildSettings = {
				ASSETCATALOG_COMPILER_APPICON_NAME = AppIcon;
				CODE_SIGN_IDENTITY = "iPhone Developer";
				CODE_SIGN_STYLE = Manual;
				DEVELOPMENT_TEAM = H2HK7VYTGX;
				INFOPLIST_FILE = TourConnect/Info.plist;
				IPHONEOS_DEPLOYMENT_TARGET = 11.0;
				LD_RUNPATH_SEARCH_PATHS = (
					"$(inherited)",
					"@executable_path/Frameworks",
				);
				PRODUCT_BUNDLE_IDENTIFIER = TonyHoang.TourConnect;
				PRODUCT_NAME = "$(TARGET_NAME)";
				PROVISIONING_PROFILE_SPECIFIER = TourConnect;
				SWIFT_VERSION = 5.0;
				TARGETED_DEVICE_FAMILY = "1,2";
			};
			name = Debug;
		};
		BCE11342247C106C00BA6C1B /* Release */ = {
			isa = XCBuildConfiguration;
			baseConfigurationReference = FC047E5EF0443075E6F0B971 /* Pods-TourConnect.release.xcconfig */;
			buildSettings = {
				ASSETCATALOG_COMPILER_APPICON_NAME = AppIcon;
				CODE_SIGN_IDENTITY = "iPhone Developer";
				CODE_SIGN_STYLE = Manual;
				DEVELOPMENT_TEAM = H2HK7VYTGX;
				INFOPLIST_FILE = TourConnect/Info.plist;
				IPHONEOS_DEPLOYMENT_TARGET = 11.0;
				LD_RUNPATH_SEARCH_PATHS = (
					"$(inherited)",
					"@executable_path/Frameworks",
				);
				PRODUCT_BUNDLE_IDENTIFIER = TonyHoang.TourConnect;
				PRODUCT_NAME = "$(TARGET_NAME)";
				PROVISIONING_PROFILE_SPECIFIER = TourConnect;
				SWIFT_VERSION = 5.0;
				TARGETED_DEVICE_FAMILY = "1,2";
			};
			name = Release;
		};
		BCE11344247C106C00BA6C1B /* Debug */ = {
			isa = XCBuildConfiguration;
			buildSettings = {
				ALWAYS_EMBED_SWIFT_STANDARD_LIBRARIES = YES;
				BUNDLE_LOADER = "$(TEST_HOST)";
				CODE_SIGN_STYLE = Automatic;
				INFOPLIST_FILE = TourConnectTests/Info.plist;
				IPHONEOS_DEPLOYMENT_TARGET = 13.5;
				LD_RUNPATH_SEARCH_PATHS = (
					"$(inherited)",
					"@executable_path/Frameworks",
					"@loader_path/Frameworks",
				);
				PRODUCT_BUNDLE_IDENTIFIER = TonyHoang.TourConnectTests;
				PRODUCT_NAME = "$(TARGET_NAME)";
				SWIFT_VERSION = 5.0;
				TARGETED_DEVICE_FAMILY = "1,2";
				TEST_HOST = "$(BUILT_PRODUCTS_DIR)/TourConnect.app/TourConnect";
			};
			name = Debug;
		};
		BCE11345247C106C00BA6C1B /* Release */ = {
			isa = XCBuildConfiguration;
			buildSettings = {
				ALWAYS_EMBED_SWIFT_STANDARD_LIBRARIES = YES;
				BUNDLE_LOADER = "$(TEST_HOST)";
				CODE_SIGN_STYLE = Automatic;
				INFOPLIST_FILE = TourConnectTests/Info.plist;
				IPHONEOS_DEPLOYMENT_TARGET = 13.5;
				LD_RUNPATH_SEARCH_PATHS = (
					"$(inherited)",
					"@executable_path/Frameworks",
					"@loader_path/Frameworks",
				);
				PRODUCT_BUNDLE_IDENTIFIER = TonyHoang.TourConnectTests;
				PRODUCT_NAME = "$(TARGET_NAME)";
				SWIFT_VERSION = 5.0;
				TARGETED_DEVICE_FAMILY = "1,2";
				TEST_HOST = "$(BUILT_PRODUCTS_DIR)/TourConnect.app/TourConnect";
			};
			name = Release;
		};
		BCE11347247C106C00BA6C1B /* Debug */ = {
			isa = XCBuildConfiguration;
			buildSettings = {
				ALWAYS_EMBED_SWIFT_STANDARD_LIBRARIES = YES;
				CODE_SIGN_STYLE = Automatic;
				INFOPLIST_FILE = TourConnectUITests/Info.plist;
				LD_RUNPATH_SEARCH_PATHS = (
					"$(inherited)",
					"@executable_path/Frameworks",
					"@loader_path/Frameworks",
				);
				PRODUCT_BUNDLE_IDENTIFIER = TonyHoang.TourConnectUITests;
				PRODUCT_NAME = "$(TARGET_NAME)";
				SWIFT_VERSION = 5.0;
				TARGETED_DEVICE_FAMILY = "1,2";
				TEST_TARGET_NAME = TourConnect;
			};
			name = Debug;
		};
		BCE11348247C106C00BA6C1B /* Release */ = {
			isa = XCBuildConfiguration;
			buildSettings = {
				ALWAYS_EMBED_SWIFT_STANDARD_LIBRARIES = YES;
				CODE_SIGN_STYLE = Automatic;
				INFOPLIST_FILE = TourConnectUITests/Info.plist;
				LD_RUNPATH_SEARCH_PATHS = (
					"$(inherited)",
					"@executable_path/Frameworks",
					"@loader_path/Frameworks",
				);
				PRODUCT_BUNDLE_IDENTIFIER = TonyHoang.TourConnectUITests;
				PRODUCT_NAME = "$(TARGET_NAME)";
				SWIFT_VERSION = 5.0;
				TARGETED_DEVICE_FAMILY = "1,2";
				TEST_TARGET_NAME = TourConnect;
			};
			name = Release;
		};
/* End XCBuildConfiguration section */

/* Begin XCConfigurationList section */
		BCE11311247C106900BA6C1B /* Build configuration list for PBXProject "TourConnect" */ = {
			isa = XCConfigurationList;
			buildConfigurations = (
				BCE1133E247C106C00BA6C1B /* Debug */,
				BCE1133F247C106C00BA6C1B /* Release */,
			);
			defaultConfigurationIsVisible = 0;
			defaultConfigurationName = Release;
		};
		BCE11340247C106C00BA6C1B /* Build configuration list for PBXNativeTarget "TourConnect" */ = {
			isa = XCConfigurationList;
			buildConfigurations = (
				BCE11341247C106C00BA6C1B /* Debug */,
				BCE11342247C106C00BA6C1B /* Release */,
			);
			defaultConfigurationIsVisible = 0;
			defaultConfigurationName = Release;
		};
		BCE11343247C106C00BA6C1B /* Build configuration list for PBXNativeTarget "TourConnectTests" */ = {
			isa = XCConfigurationList;
			buildConfigurations = (
				BCE11344247C106C00BA6C1B /* Debug */,
				BCE11345247C106C00BA6C1B /* Release */,
			);
			defaultConfigurationIsVisible = 0;
			defaultConfigurationName = Release;
		};
		BCE11346247C106C00BA6C1B /* Build configuration list for PBXNativeTarget "TourConnectUITests" */ = {
			isa = XCConfigurationList;
			buildConfigurations = (
				BCE11347247C106C00BA6C1B /* Debug */,
				BCE11348247C106C00BA6C1B /* Release */,
			);
			defaultConfigurationIsVisible = 0;
			defaultConfigurationName = Release;
		};
/* End XCConfigurationList section */
	};
	rootObject = BCE1130E247C106900BA6C1B /* Project object */;
}
